{"filter":false,"title":"package-lock.json","tooltip":"/class/resume-practice/package-lock.json","undoManager":{"mark":-1,"position":-1,"stack":[]},"ace":{"folds":[],"scrolltop":0,"scrollleft":0,"selection":{"start":{"row":0,"column":0},"end":{"row":0,"column":0},"isBackwards":false},"options":{"guessTabSize":true,"useWrapMode":false,"wrapToView":true},"firstLineState":{"row":2598,"state":"start","mode":"ace/mode/json"}},"timestamp":1583163292738,"hash":"d6027d273c4a73f944d40f848d502d2d6c5db784"}